
Microsoft Visual Studio Solution File, Format Version 12.00
# Visual Studio Version 16
VisualStudioVersion = 16.0.30717.126
MinimumVisualStudioVersion = 10.0.40219.1
Project("{FAE04EC0-301F-11D3-BF4B-00C04F79EFBC}") = "MediumEight", "MediumEight\MediumEight.csproj", "{204B6908-B545-4037-9E6D-2B53B084003F}"
EndProject
Global
	GlobalSection(SolutionConfigurationPlatforms) = preSolution
		Debug|Any CPU = Debug|Any CPU
		Release|Any CPU = Release|Any CPU
	EndGlobalSection
	GlobalSection(ProjectConfigurationPlatforms) = postSolution
		{204B6908-B545-4037-9E6D-2B53B084003F}.Debug|Any CPU.ActiveCfg = Debug|Any CPU
		{204B6908-B545-4037-9E6D-2B53B084003F}.Debug|Any CPU.Build.0 = Debug|Any CPU
		{204B6908-B545-4037-9E6D-2B53B084003F}.Release|Any CPU.ActiveCfg = Release|Any CPU
		{204B6908-B545-4037-9E6D-2B53B084003F}.Release|Any CPU.Build.0 = Release|Any CPU
	EndGlobalSection
	GlobalSection(SolutionProperties) = preSolution
		HideSolutionNode = FALSE
	EndGlobalSection
	GlobalSection(ExtensibilityGlobals) = postSolution
		SolutionGuid = {42C1219A-0D12-4551-806F-315F339B46ED}
	EndGlobalSection
EndGlobal
